
Microsoft Visual Studio Solution File, Format Version 12.00
# Visual Studio 15
VisualStudioVersion = 15.0.34112.143
MinimumVisualStudioVersion = 10.0.40219.1
Project("{FAE04EC0-301F-11D3-BF4B-00C04F79EFBC}") = "CustomPilotProgression", "CustomPilotProgression\CustomPilotProgression.csproj", "{EA8050DD-A5A4-43B0-B1B3-26BEE5D4FCB0}"
EndProject
Global
	GlobalSection(SolutionConfigurationPlatforms) = preSolution
		Debug|Any CPU = Debug|Any CPU
		Release|Any CPU = Release|Any CPU
	EndGlobalSection
	GlobalSection(ProjectConfigurationPlatforms) = postSolution
		{EA8050DD-A5A4-43B0-B1B3-26BEE5D4FCB0}.Debug|Any CPU.ActiveCfg = Debug|Any CPU
		{EA8050DD-A5A4-43B0-B1B3-26BEE5D4FCB0}.Debug|Any CPU.Build.0 = Debug|Any CPU
		{EA8050DD-A5A4-43B0-B1B3-26BEE5D4FCB0}.Release|Any CPU.ActiveCfg = Release|Any CPU
		{EA8050DD-A5A4-43B0-B1B3-26BEE5D4FCB0}.Release|Any CPU.Build.0 = Release|Any CPU
	EndGlobalSection
	GlobalSection(SolutionProperties) = preSolution
		HideSolutionNode = FALSE
	EndGlobalSection
	GlobalSection(ExtensibilityGlobals) = postSolution
		SolutionGuid = {FB87D698-ED9A-46C5-B197-BF581291DBB1}
	EndGlobalSection
EndGlobal
